
Microsoft Visual Studio Solution File, Format Version 12.00
# Visual Studio Version 17
VisualStudioVersion = 17.0.31903.59
MinimumVisualStudioVersion = 10.0.40219.1
Project("{2150E333-8FDC-42A3-9474-1A3956D46DE8}") = "src", "src", "{11111111-1111-1111-1111-111111111111}"
EndProject
Project("{FAE04EC0-301F-11D3-BF4B-00C04F79EFBC}") = "RefactorMCP.MCP.Server", "src\RefactorMCP.MCP.Server\RefactorMCP.MCP.Server.csproj", "{B2C3D4E5-F6A7-8901-BCDE-F23456789012}"
EndProject
Project("{FAE04EC0-301F-11D3-BF4B-00C04F79EFBC}") = "RefactorMCP.Web", "src\RefactorMCP.Web\RefactorMCP.Web.csproj", "{C3D4E5F6-A7B8-9012-CDEF-345678901234}"
EndProject
Project("{2150E333-8FDC-42A3-9474-1A3956D46DE8}") = "test", "test", "{22222222-2222-2222-2222-222222222222}"
EndProject
Project("{FAE04EC0-301F-11D3-BF4B-00C04F79EFBC}") = "RefactorMCP.Core.Tests", "test\RefactorMCP.Core.Tests\RefactorMCP.Core.Tests.csproj", "{D4E5F6A7-B8C9-0123-DEFA-456789012345}"
EndProject
Project("{FAE04EC0-301F-11D3-BF4B-00C04F79EFBC}") = "RefactorMCP.MCP.Server.Tests", "test\RefactorMCP.MCP.Server.Tests\RefactorMCP.MCP.Server.Tests.csproj", "{E5F6A7B8-C9D0-1234-EFAB-567890123456}"
EndProject
Project("{FAE04EC0-301F-11D3-BF4B-00C04F79EFBC}") = "RefactorMCP.Web.Tests", "test\RefactorMCP.Web.Tests\RefactorMCP.Web.Tests.csproj", "{F6A7B8C9-D0E1-2345-FABC-678901234567}"
EndProject
Project("{2150E333-8FDC-42A3-9474-1A3956D46DE8}") = "Solution Items", "Solution Items", "{8EC462FD-D22E-90A8-E5CE-7E832BA40C5D}"
	ProjectSection(SolutionItems) = preProject
		Directory.Build.props = Directory.Build.props
		Directory.Packages.props = Directory.Packages.props
		stylecop.ruleset = stylecop.ruleset
	EndProjectSection
EndProject
Project("{FAE04EC0-301F-11D3-BF4B-00C04F79EFBC}") = "RefactorMCP.Core", "src\RefactorMCP.Core\RefactorMCP.Core.csproj", "{6B4A1365-AAAE-CE9F-1AB8-AF3C57FAF1C8}"
EndProject
Project("{FAE04EC0-301F-11D3-BF4B-00C04F79EFBC}") = "RefactorMCP.Tests", "test\RefactorMCP.Tests\RefactorMCP.Tests.csproj", "{14E117E5-C70D-B94D-88DA-988E912ACBFC}"
EndProject
Global
	GlobalSection(SolutionConfigurationPlatforms) = preSolution
		Debug|Any CPU = Debug|Any CPU
		Debug|x64 = Debug|x64
		Debug|x86 = Debug|x86
		Release|Any CPU = Release|Any CPU
		Release|x64 = Release|x64
		Release|x86 = Release|x86
	EndGlobalSection
	GlobalSection(ProjectConfigurationPlatforms) = postSolution
		{B2C3D4E5-F6A7-8901-BCDE-F23456789012}.Debug|Any CPU.ActiveCfg = Debug|Any CPU
		{B2C3D4E5-F6A7-8901-BCDE-F23456789012}.Debug|Any CPU.Build.0 = Debug|Any CPU
		{B2C3D4E5-F6A7-8901-BCDE-F23456789012}.Debug|x64.ActiveCfg = Debug|Any CPU
		{B2C3D4E5-F6A7-8901-BCDE-F23456789012}.Debug|x64.Build.0 = Debug|Any CPU
		{B2C3D4E5-F6A7-8901-BCDE-F23456789012}.Debug|x86.ActiveCfg = Debug|Any CPU
		{B2C3D4E5-F6A7-8901-BCDE-F23456789012}.Debug|x86.Build.0 = Debug|Any CPU
		{B2C3D4E5-F6A7-8901-BCDE-F23456789012}.Release|Any CPU.ActiveCfg = Release|Any CPU
		{B2C3D4E5-F6A7-8901-BCDE-F23456789012}.Release|Any CPU.Build.0 = Release|Any CPU
		{B2C3D4E5-F6A7-8901-BCDE-F23456789012}.Release|x64.ActiveCfg = Release|Any CPU
		{B2C3D4E5-F6A7-8901-BCDE-F23456789012}.Release|x64.Build.0 = Release|Any CPU
		{B2C3D4E5-F6A7-8901-BCDE-F23456789012}.Release|x86.ActiveCfg = Release|Any CPU
		{B2C3D4E5-F6A7-8901-BCDE-F23456789012}.Release|x86.Build.0 = Release|Any CPU
		{C3D4E5F6-A7B8-9012-CDEF-345678901234}.Debug|Any CPU.ActiveCfg = Debug|Any CPU
		{C3D4E5F6-A7B8-9012-CDEF-345678901234}.Debug|Any CPU.Build.0 = Debug|Any CPU
		{C3D4E5F6-A7B8-9012-CDEF-345678901234}.Debug|x64.ActiveCfg = Debug|Any CPU
		{C3D4E5F6-A7B8-9012-CDEF-345678901234}.Debug|x64.Build.0 = Debug|Any CPU
		{C3D4E5F6-A7B8-9012-CDEF-345678901234}.Debug|x86.ActiveCfg = Debug|Any CPU
		{C3D4E5F6-A7B8-9012-CDEF-345678901234}.Debug|x86.Build.0 = Debug|Any CPU
		{C3D4E5F6-A7B8-9012-CDEF-345678901234}.Release|Any CPU.ActiveCfg = Release|Any CPU
		{C3D4E5F6-A7B8-9012-CDEF-345678901234}.Release|Any CPU.Build.0 = Release|Any CPU
		{C3D4E5F6-A7B8-9012-CDEF-345678901234}.Release|x64.ActiveCfg = Release|Any CPU
		{C3D4E5F6-A7B8-9012-CDEF-345678901234}.Release|x64.Build.0 = Release|Any CPU
		{C3D4E5F6-A7B8-9012-CDEF-345678901234}.Release|x86.ActiveCfg = Release|Any CPU
		{C3D4E5F6-A7B8-9012-CDEF-345678901234}.Release|x86.Build.0 = Release|Any CPU
		{D4E5F6A7-B8C9-0123-DEFA-456789012345}.Debug|Any CPU.ActiveCfg = Debug|Any CPU
		{D4E5F6A7-B8C9-0123-DEFA-456789012345}.Debug|Any CPU.Build.0 = Debug|Any CPU
		{D4E5F6A7-B8C9-0123-DEFA-456789012345}.Debug|x64.ActiveCfg = Debug|Any CPU
		{D4E5F6A7-B8C9-0123-DEFA-456789012345}.Debug|x64.Build.0 = Debug|Any CPU
		{D4E5F6A7-B8C9-0123-DEFA-456789012345}.Debug|x86.ActiveCfg = Debug|Any CPU
		{D4E5F6A7-B8C9-0123-DEFA-456789012345}.Debug|x86.Build.0 = Debug|Any CPU
		{D4E5F6A7-B8C9-0123-DEFA-456789012345}.Release|Any CPU.ActiveCfg = Release|Any CPU
		{D4E5F6A7-B8C9-0123-DEFA-456789012345}.Release|Any CPU.Build.0 = Release|Any CPU
		{D4E5F6A7-B8C9-0123-DEFA-456789012345}.Release|x64.ActiveCfg = Release|Any CPU
		{D4E5F6A7-B8C9-0123-DEFA-456789012345}.Release|x64.Build.0 = Release|Any CPU
		{D4E5F6A7-B8C9-0123-DEFA-456789012345}.Release|x86.ActiveCfg = Release|Any CPU
		{D4E5F6A7-B8C9-0123-DEFA-456789012345}.Release|x86.Build.0 = Release|Any CPU
		{E5F6A7B8-C9D0-1234-EFAB-567890123456}.Debug|Any CPU.ActiveCfg = Debug|Any CPU
		{E5F6A7B8-C9D0-1234-EFAB-567890123456}.Debug|Any CPU.Build.0 = Debug|Any CPU
		{E5F6A7B8-C9D0-1234-EFAB-567890123456}.Debug|x64.ActiveCfg = Debug|Any CPU
		{E5F6A7B8-C9D0-1234-EFAB-567890123456}.Debug|x64.Build.0 = Debug|Any CPU
		{E5F6A7B8-C9D0-1234-EFAB-567890123456}.Debug|x86.ActiveCfg = Debug|Any CPU
		{E5F6A7B8-C9D0-1234-EFAB-567890123456}.Debug|x86.Build.0 = Debug|Any CPU
		{E5F6A7B8-C9D0-1234-EFAB-567890123456}.Release|Any CPU.ActiveCfg = Release|Any CPU
		{E5F6A7B8-C9D0-1234-EFAB-567890123456}.Release|Any CPU.Build.0 = Release|Any CPU
		{E5F6A7B8-C9D0-1234-EFAB-567890123456}.Release|x64.ActiveCfg = Release|Any CPU
		{E5F6A7B8-C9D0-1234-EFAB-567890123456}.Release|x64.Build.0 = Release|Any CPU
		{E5F6A7B8-C9D0-1234-EFAB-567890123456}.Release|x86.ActiveCfg = Release|Any CPU
		{E5F6A7B8-C9D0-1234-EFAB-567890123456}.Release|x86.Build.0 = Release|Any CPU
		{F6A7B8C9-D0E1-2345-FABC-678901234567}.Debug|Any CPU.ActiveCfg = Debug|Any CPU
		{F6A7B8C9-D0E1-2345-FABC-678901234567}.Debug|Any CPU.Build.0 = Debug|Any CPU
		{F6A7B8C9-D0E1-2345-FABC-678901234567}.Debug|x64.ActiveCfg = Debug|Any CPU
		{F6A7B8C9-D0E1-2345-FABC-678901234567}.Debug|x64.Build.0 = Debug|Any CPU
		{F6A7B8C9-D0E1-2345-FABC-678901234567}.Debug|x86.ActiveCfg = Debug|Any CPU
		{F6A7B8C9-D0E1-2345-FABC-678901234567}.Debug|x86.Build.0 = Debug|Any CPU
		{F6A7B8C9-D0E1-2345-FABC-678901234567}.Release|Any CPU.ActiveCfg = Release|Any CPU
		{F6A7B8C9-D0E1-2345-FABC-678901234567}.Release|Any CPU.Build.0 = Release|Any CPU
		{F6A7B8C9-D0E1-2345-FABC-678901234567}.Release|x64.ActiveCfg = Release|Any CPU
		{F6A7B8C9-D0E1-2345-FABC-678901234567}.Release|x64.Build.0 = Release|Any CPU
		{F6A7B8C9-D0E1-2345-FABC-678901234567}.Release|x86.ActiveCfg = Release|Any CPU
		{F6A7B8C9-D0E1-2345-FABC-678901234567}.Release|x86.Build.0 = Release|Any CPU
		{6B4A1365-AAAE-CE9F-1AB8-AF3C57FAF1C8}.Debug|Any CPU.ActiveCfg = Debug|Any CPU
		{6B4A1365-AAAE-CE9F-1AB8-AF3C57FAF1C8}.Debug|Any CPU.Build.0 = Debug|Any CPU
		{6B4A1365-AAAE-CE9F-1AB8-AF3C57FAF1C8}.Debug|x64.ActiveCfg = Debug|Any CPU
		{6B4A1365-AAAE-CE9F-1AB8-AF3C57FAF1C8}.Debug|x64.Build.0 = Debug|Any CPU
		{6B4A1365-AAAE-CE9F-1AB8-AF3C57FAF1C8}.Debug|x86.ActiveCfg = Debug|Any CPU
		{6B4A1365-AAAE-CE9F-1AB8-AF3C57FAF1C8}.Debug|x86.Build.0 = Debug|Any CPU
		{6B4A1365-AAAE-CE9F-1AB8-AF3C57FAF1C8}.Release|Any CPU.ActiveCfg = Release|Any CPU
		{6B4A1365-AAAE-CE9F-1AB8-AF3C57FAF1C8}.Release|Any CPU.Build.0 = Release|Any CPU
		{6B4A1365-AAAE-CE9F-1AB8-AF3C57FAF1C8}.Release|x64.ActiveCfg = Release|Any CPU
		{6B4A1365-AAAE-CE9F-1AB8-AF3C57FAF1C8}.Release|x64.Build.0 = Release|Any CPU
		{6B4A1365-AAAE-CE9F-1AB8-AF3C57FAF1C8}.Release|x86.ActiveCfg = Release|Any CPU
		{6B4A1365-AAAE-CE9F-1AB8-AF3C57FAF1C8}.Release|x86.Build.0 = Release|Any CPU
		{14E117E5-C70D-B94D-88DA-988E912ACBFC}.Debug|Any CPU.ActiveCfg = Debug|Any CPU
		{14E117E5-C70D-B94D-88DA-988E912ACBFC}.Debug|Any CPU.Build.0 = Debug|Any CPU
		{14E117E5-C70D-B94D-88DA-988E912ACBFC}.Debug|x64.ActiveCfg = Debug|Any CPU
		{14E117E5-C70D-B94D-88DA-988E912ACBFC}.Debug|x64.Build.0 = Debug|Any CPU
		{14E117E5-C70D-B94D-88DA-988E912ACBFC}.Debug|x86.ActiveCfg = Debug|Any CPU
		{14E117E5-C70D-B94D-88DA-988E912ACBFC}.Debug|x86.Build.0 = Debug|Any CPU
		{14E117E5-C70D-B94D-88DA-988E912ACBFC}.Release|Any CPU.ActiveCfg = Release|Any CPU
		{14E117E5-C70D-B94D-88DA-988E912ACBFC}.Release|Any CPU.Build.0 = Release|Any CPU
		{14E117E5-C70D-B94D-88DA-988E912ACBFC}.Release|x64.ActiveCfg = Release|Any CPU
		{14E117E5-C70D-B94D-88DA-988E912ACBFC}.Release|x64.Build.0 = Release|Any CPU
		{14E117E5-C70D-B94D-88DA-988E912ACBFC}.Release|x86.ActiveCfg = Release|Any CPU
		{14E117E5-C70D-B94D-88DA-988E912ACBFC}.Release|x86.Build.0 = Release|Any CPU
	EndGlobalSection
	GlobalSection(SolutionProperties) = preSolution
		HideSolutionNode = FALSE
	EndGlobalSection
	GlobalSection(NestedProjects) = preSolution
		{B2C3D4E5-F6A7-8901-BCDE-F23456789012} = {11111111-1111-1111-1111-111111111111}
		{C3D4E5F6-A7B8-9012-CDEF-345678901234} = {11111111-1111-1111-1111-111111111111}
		{D4E5F6A7-B8C9-0123-DEFA-456789012345} = {22222222-2222-2222-2222-222222222222}
		{E5F6A7B8-C9D0-1234-EFAB-567890123456} = {22222222-2222-2222-2222-222222222222}
		{F6A7B8C9-D0E1-2345-FABC-678901234567} = {22222222-2222-2222-2222-222222222222}
		{6B4A1365-AAAE-CE9F-1AB8-AF3C57FAF1C8} = {11111111-1111-1111-1111-111111111111}
		{14E117E5-C70D-B94D-88DA-988E912ACBFC} = {22222222-2222-2222-2222-222222222222}
	EndGlobalSection
	GlobalSection(ExtensibilityGlobals) = postSolution
		SolutionGuid = {0DC900B3-C097-4589-98BD-3F998CA9C703}
	EndGlobalSection
EndGlobal
