
Microsoft Visual Studio Solution File, Format Version 12.00
# Visual Studio Version 17
VisualStudioVersion = 17.0.31903.59
MinimumVisualStudioVersion = 10.0.40219.1
Project("{2150E333-8FDC-42A3-9474-1A3956D46DE8}") = "src", "src", "{827E0CD3-B72D-47B6-A68D-7590B98EB39B}"
EndProject
Project("{FAE04EC0-301F-11D3-BF4B-00C04F79EFBC}") = "ExxerFactor.Mcp.App", "src\ExxerFactor.Mcp.ConsoleApp\ExxerFactor.Mcp.App.csproj", "{8EA801E8-ADD7-4744-8359-AA3D88519951}"
EndProject
Project("{FAE04EC0-301F-11D3-BF4B-00C04F79EFBC}") = "ExxerFactor.Mcp.Core", "src\ExxerFactor.Mcp.Core\ExxerFactor.Mcp.Core.csproj", "{08304CAA-C4BF-4965-8355-13AEDCA45581}"
EndProject
Project("{FAE04EC0-301F-11D3-BF4B-00C04F79EFBC}") = "ExxerFactor.Mcp.Server", "src\ExxerFactor.Mcp.Server\ExxerFactor.Mcp.Server.csproj", "{88218A5A-569A-4020-B041-EFFFE2A784E1}"
EndProject
Project("{FAE04EC0-301F-11D3-BF4B-00C04F79EFBC}") = "ExxerFactor.Mcp.Web", "src\ExxerFactor.Mcp.Web\ExxerFactor.Mcp.Web.csproj", "{A5F5D060-4AEC-4742-B407-AEB12CC18EA9}"
EndProject
Project("{2150E333-8FDC-42A3-9474-1A3956D46DE8}") = "test", "test", "{0C88DD14-F956-CE84-757C-A364CCF449FC}"
EndProject
Project("{FAE04EC0-301F-11D3-BF4B-00C04F79EFBC}") = "ExxerFactor.Mcp.Core.Tests", "test\ExxerFactor.Mcp.Core.Tests\ExxerFactor.Mcp.Core.Tests.csproj", "{7EF178AF-D10E-45B9-8F3D-FF8EA29E2298}"
EndProject
Project("{FAE04EC0-301F-11D3-BF4B-00C04F79EFBC}") = "ExxerFactor.Mcp.Server.Tests", "test\ExxerFactor.Mcp.Server.Tests\ExxerFactor.Mcp.Server.Tests.csproj", "{AB2D0885-1770-41B2-86D0-2312B35F525A}"
EndProject
Project("{FAE04EC0-301F-11D3-BF4B-00C04F79EFBC}") = "ExxerFactor.Mcp.Tests", "test\ExxerFactor.Mcp.Tests\ExxerFactor.Mcp.Tests.csproj", "{10B153D0-6F96-4925-9906-C07544007A80}"
EndProject
Project("{FAE04EC0-301F-11D3-BF4B-00C04F79EFBC}") = "ExxerFactor.Mcp.Web.Tests", "test\ExxerFactor.Mcp.Web.Tests\ExxerFactor.Mcp.Web.Tests.csproj", "{44FAD352-42B0-42A8-B05F-231F2F227820}"
EndProject
Project("{2150E333-8FDC-42A3-9474-1A3956D46DE8}") = "Solution Items", "Solution Items", "{8EC462FD-D22E-90A8-E5CE-7E832BA40C5D}"
	ProjectSection(SolutionItems) = preProject
		Build.ps1 = Build.ps1
		Directory.Build.props = Directory.Build.props
		Directory.Packages.props = Directory.Packages.props
	EndProjectSection
EndProject
Global
	GlobalSection(SolutionConfigurationPlatforms) = preSolution
		Debug|Any CPU = Debug|Any CPU
		Debug|x64 = Debug|x64
		Debug|x86 = Debug|x86
		Release|Any CPU = Release|Any CPU
		Release|x64 = Release|x64
		Release|x86 = Release|x86
	EndGlobalSection
	GlobalSection(ProjectConfigurationPlatforms) = postSolution
		{8EA801E8-ADD7-4744-8359-AA3D88519951}.Debug|Any CPU.ActiveCfg = Debug|Any CPU
		{8EA801E8-ADD7-4744-8359-AA3D88519951}.Debug|Any CPU.Build.0 = Debug|Any CPU
		{8EA801E8-ADD7-4744-8359-AA3D88519951}.Debug|x64.ActiveCfg = Debug|Any CPU
		{8EA801E8-ADD7-4744-8359-AA3D88519951}.Debug|x64.Build.0 = Debug|Any CPU
		{8EA801E8-ADD7-4744-8359-AA3D88519951}.Debug|x86.ActiveCfg = Debug|Any CPU
		{8EA801E8-ADD7-4744-8359-AA3D88519951}.Debug|x86.Build.0 = Debug|Any CPU
		{8EA801E8-ADD7-4744-8359-AA3D88519951}.Release|Any CPU.ActiveCfg = Release|Any CPU
		{8EA801E8-ADD7-4744-8359-AA3D88519951}.Release|Any CPU.Build.0 = Release|Any CPU
		{8EA801E8-ADD7-4744-8359-AA3D88519951}.Release|x64.ActiveCfg = Release|Any CPU
		{8EA801E8-ADD7-4744-8359-AA3D88519951}.Release|x64.Build.0 = Release|Any CPU
		{8EA801E8-ADD7-4744-8359-AA3D88519951}.Release|x86.ActiveCfg = Release|Any CPU
		{8EA801E8-ADD7-4744-8359-AA3D88519951}.Release|x86.Build.0 = Release|Any CPU
		{08304CAA-C4BF-4965-8355-13AEDCA45581}.Debug|Any CPU.ActiveCfg = Debug|Any CPU
		{08304CAA-C4BF-4965-8355-13AEDCA45581}.Debug|Any CPU.Build.0 = Debug|Any CPU
		{08304CAA-C4BF-4965-8355-13AEDCA45581}.Debug|x64.ActiveCfg = Debug|Any CPU
		{08304CAA-C4BF-4965-8355-13AEDCA45581}.Debug|x64.Build.0 = Debug|Any CPU
		{08304CAA-C4BF-4965-8355-13AEDCA45581}.Debug|x86.ActiveCfg = Debug|Any CPU
		{08304CAA-C4BF-4965-8355-13AEDCA45581}.Debug|x86.Build.0 = Debug|Any CPU
		{08304CAA-C4BF-4965-8355-13AEDCA45581}.Release|Any CPU.ActiveCfg = Release|Any CPU
		{08304CAA-C4BF-4965-8355-13AEDCA45581}.Release|Any CPU.Build.0 = Release|Any CPU
		{08304CAA-C4BF-4965-8355-13AEDCA45581}.Release|x64.ActiveCfg = Release|Any CPU
		{08304CAA-C4BF-4965-8355-13AEDCA45581}.Release|x64.Build.0 = Release|Any CPU
		{08304CAA-C4BF-4965-8355-13AEDCA45581}.Release|x86.ActiveCfg = Release|Any CPU
		{08304CAA-C4BF-4965-8355-13AEDCA45581}.Release|x86.Build.0 = Release|Any CPU
		{88218A5A-569A-4020-B041-EFFFE2A784E1}.Debug|Any CPU.ActiveCfg = Debug|Any CPU
		{88218A5A-569A-4020-B041-EFFFE2A784E1}.Debug|Any CPU.Build.0 = Debug|Any CPU
		{88218A5A-569A-4020-B041-EFFFE2A784E1}.Debug|x64.ActiveCfg = Debug|Any CPU
		{88218A5A-569A-4020-B041-EFFFE2A784E1}.Debug|x64.Build.0 = Debug|Any CPU
		{88218A5A-569A-4020-B041-EFFFE2A784E1}.Debug|x86.ActiveCfg = Debug|Any CPU
		{88218A5A-569A-4020-B041-EFFFE2A784E1}.Debug|x86.Build.0 = Debug|Any CPU
		{88218A5A-569A-4020-B041-EFFFE2A784E1}.Release|Any CPU.ActiveCfg = Release|Any CPU
		{88218A5A-569A-4020-B041-EFFFE2A784E1}.Release|Any CPU.Build.0 = Release|Any CPU
		{88218A5A-569A-4020-B041-EFFFE2A784E1}.Release|x64.ActiveCfg = Release|Any CPU
		{88218A5A-569A-4020-B041-EFFFE2A784E1}.Release|x64.Build.0 = Release|Any CPU
		{88218A5A-569A-4020-B041-EFFFE2A784E1}.Release|x86.ActiveCfg = Release|Any CPU
		{88218A5A-569A-4020-B041-EFFFE2A784E1}.Release|x86.Build.0 = Release|Any CPU
		{A5F5D060-4AEC-4742-B407-AEB12CC18EA9}.Debug|Any CPU.ActiveCfg = Debug|Any CPU
		{A5F5D060-4AEC-4742-B407-AEB12CC18EA9}.Debug|Any CPU.Build.0 = Debug|Any CPU
		{A5F5D060-4AEC-4742-B407-AEB12CC18EA9}.Debug|x64.ActiveCfg = Debug|Any CPU
		{A5F5D060-4AEC-4742-B407-AEB12CC18EA9}.Debug|x64.Build.0 = Debug|Any CPU
		{A5F5D060-4AEC-4742-B407-AEB12CC18EA9}.Debug|x86.ActiveCfg = Debug|Any CPU
		{A5F5D060-4AEC-4742-B407-AEB12CC18EA9}.Debug|x86.Build.0 = Debug|Any CPU
		{A5F5D060-4AEC-4742-B407-AEB12CC18EA9}.Release|Any CPU.ActiveCfg = Release|Any CPU
		{A5F5D060-4AEC-4742-B407-AEB12CC18EA9}.Release|Any CPU.Build.0 = Release|Any CPU
		{A5F5D060-4AEC-4742-B407-AEB12CC18EA9}.Release|x64.ActiveCfg = Release|Any CPU
		{A5F5D060-4AEC-4742-B407-AEB12CC18EA9}.Release|x64.Build.0 = Release|Any CPU
		{A5F5D060-4AEC-4742-B407-AEB12CC18EA9}.Release|x86.ActiveCfg = Release|Any CPU
		{A5F5D060-4AEC-4742-B407-AEB12CC18EA9}.Release|x86.Build.0 = Release|Any CPU
		{7EF178AF-D10E-45B9-8F3D-FF8EA29E2298}.Debug|Any CPU.ActiveCfg = Debug|Any CPU
		{7EF178AF-D10E-45B9-8F3D-FF8EA29E2298}.Debug|Any CPU.Build.0 = Debug|Any CPU
		{7EF178AF-D10E-45B9-8F3D-FF8EA29E2298}.Debug|x64.ActiveCfg = Debug|Any CPU
		{7EF178AF-D10E-45B9-8F3D-FF8EA29E2298}.Debug|x64.Build.0 = Debug|Any CPU
		{7EF178AF-D10E-45B9-8F3D-FF8EA29E2298}.Debug|x86.ActiveCfg = Debug|Any CPU
		{7EF178AF-D10E-45B9-8F3D-FF8EA29E2298}.Debug|x86.Build.0 = Debug|Any CPU
		{7EF178AF-D10E-45B9-8F3D-FF8EA29E2298}.Release|Any CPU.ActiveCfg = Release|Any CPU
		{7EF178AF-D10E-45B9-8F3D-FF8EA29E2298}.Release|Any CPU.Build.0 = Release|Any CPU
		{7EF178AF-D10E-45B9-8F3D-FF8EA29E2298}.Release|x64.ActiveCfg = Release|Any CPU
		{7EF178AF-D10E-45B9-8F3D-FF8EA29E2298}.Release|x64.Build.0 = Release|Any CPU
		{7EF178AF-D10E-45B9-8F3D-FF8EA29E2298}.Release|x86.ActiveCfg = Release|Any CPU
		{7EF178AF-D10E-45B9-8F3D-FF8EA29E2298}.Release|x86.Build.0 = Release|Any CPU
		{AB2D0885-1770-41B2-86D0-2312B35F525A}.Debug|Any CPU.ActiveCfg = Debug|Any CPU
		{AB2D0885-1770-41B2-86D0-2312B35F525A}.Debug|Any CPU.Build.0 = Debug|Any CPU
		{AB2D0885-1770-41B2-86D0-2312B35F525A}.Debug|x64.ActiveCfg = Debug|Any CPU
		{AB2D0885-1770-41B2-86D0-2312B35F525A}.Debug|x64.Build.0 = Debug|Any CPU
		{AB2D0885-1770-41B2-86D0-2312B35F525A}.Debug|x86.ActiveCfg = Debug|Any CPU
		{AB2D0885-1770-41B2-86D0-2312B35F525A}.Debug|x86.Build.0 = Debug|Any CPU
		{AB2D0885-1770-41B2-86D0-2312B35F525A}.Release|Any CPU.ActiveCfg = Release|Any CPU
		{AB2D0885-1770-41B2-86D0-2312B35F525A}.Release|Any CPU.Build.0 = Release|Any CPU
		{AB2D0885-1770-41B2-86D0-2312B35F525A}.Release|x64.ActiveCfg = Release|Any CPU
		{AB2D0885-1770-41B2-86D0-2312B35F525A}.Release|x64.Build.0 = Release|Any CPU
		{AB2D0885-1770-41B2-86D0-2312B35F525A}.Release|x86.ActiveCfg = Release|Any CPU
		{AB2D0885-1770-41B2-86D0-2312B35F525A}.Release|x86.Build.0 = Release|Any CPU
		{10B153D0-6F96-4925-9906-C07544007A80}.Debug|Any CPU.ActiveCfg = Debug|Any CPU
		{10B153D0-6F96-4925-9906-C07544007A80}.Debug|Any CPU.Build.0 = Debug|Any CPU
		{10B153D0-6F96-4925-9906-C07544007A80}.Debug|x64.ActiveCfg = Debug|Any CPU
		{10B153D0-6F96-4925-9906-C07544007A80}.Debug|x64.Build.0 = Debug|Any CPU
		{10B153D0-6F96-4925-9906-C07544007A80}.Debug|x86.ActiveCfg = Debug|Any CPU
		{10B153D0-6F96-4925-9906-C07544007A80}.Debug|x86.Build.0 = Debug|Any CPU
		{10B153D0-6F96-4925-9906-C07544007A80}.Release|Any CPU.ActiveCfg = Release|Any CPU
		{10B153D0-6F96-4925-9906-C07544007A80}.Release|Any CPU.Build.0 = Release|Any CPU
		{10B153D0-6F96-4925-9906-C07544007A80}.Release|x64.ActiveCfg = Release|Any CPU
		{10B153D0-6F96-4925-9906-C07544007A80}.Release|x64.Build.0 = Release|Any CPU
		{10B153D0-6F96-4925-9906-C07544007A80}.Release|x86.ActiveCfg = Release|Any CPU
		{10B153D0-6F96-4925-9906-C07544007A80}.Release|x86.Build.0 = Release|Any CPU
		{44FAD352-42B0-42A8-B05F-231F2F227820}.Debug|Any CPU.ActiveCfg = Debug|Any CPU
		{44FAD352-42B0-42A8-B05F-231F2F227820}.Debug|Any CPU.Build.0 = Debug|Any CPU
		{44FAD352-42B0-42A8-B05F-231F2F227820}.Debug|x64.ActiveCfg = Debug|Any CPU
		{44FAD352-42B0-42A8-B05F-231F2F227820}.Debug|x64.Build.0 = Debug|Any CPU
		{44FAD352-42B0-42A8-B05F-231F2F227820}.Debug|x86.ActiveCfg = Debug|Any CPU
		{44FAD352-42B0-42A8-B05F-231F2F227820}.Debug|x86.Build.0 = Debug|Any CPU
		{44FAD352-42B0-42A8-B05F-231F2F227820}.Release|Any CPU.ActiveCfg = Release|Any CPU
		{44FAD352-42B0-42A8-B05F-231F2F227820}.Release|Any CPU.Build.0 = Release|Any CPU
		{44FAD352-42B0-42A8-B05F-231F2F227820}.Release|x64.ActiveCfg = Release|Any CPU
		{44FAD352-42B0-42A8-B05F-231F2F227820}.Release|x64.Build.0 = Release|Any CPU
		{44FAD352-42B0-42A8-B05F-231F2F227820}.Release|x86.ActiveCfg = Release|Any CPU
		{44FAD352-42B0-42A8-B05F-231F2F227820}.Release|x86.Build.0 = Release|Any CPU
	EndGlobalSection
	GlobalSection(SolutionProperties) = preSolution
		HideSolutionNode = FALSE
	EndGlobalSection
	GlobalSection(NestedProjects) = preSolution
		{8EA801E8-ADD7-4744-8359-AA3D88519951} = {827E0CD3-B72D-47B6-A68D-7590B98EB39B}
		{08304CAA-C4BF-4965-8355-13AEDCA45581} = {827E0CD3-B72D-47B6-A68D-7590B98EB39B}
		{88218A5A-569A-4020-B041-EFFFE2A784E1} = {827E0CD3-B72D-47B6-A68D-7590B98EB39B}
		{A5F5D060-4AEC-4742-B407-AEB12CC18EA9} = {827E0CD3-B72D-47B6-A68D-7590B98EB39B}
		{7EF178AF-D10E-45B9-8F3D-FF8EA29E2298} = {0C88DD14-F956-CE84-757C-A364CCF449FC}
		{AB2D0885-1770-41B2-86D0-2312B35F525A} = {0C88DD14-F956-CE84-757C-A364CCF449FC}
		{10B153D0-6F96-4925-9906-C07544007A80} = {0C88DD14-F956-CE84-757C-A364CCF449FC}
		{44FAD352-42B0-42A8-B05F-231F2F227820} = {0C88DD14-F956-CE84-757C-A364CCF449FC}
	EndGlobalSection
	GlobalSection(ExtensibilityGlobals) = postSolution
		SolutionGuid = {02580DB6-0998-4CDB-805D-83646151F1DD}
	EndGlobalSection
EndGlobal
