{
  "version": 2,
  "dependencies": {
    "net10.0": {
      "coverlet.collector": {
        "type": "Direct",
        "requested": "[6.0.4, )",
        "resolved": "6.0.4",
        "contentHash": "lkhqpF8Pu2Y7IiN7OntbsTtdbpR1syMsm2F3IgX6ootA4ffRqWL5jF7XipHuZQTdVuWG/gVAAcf8mjk8Tz0xPg=="
      },
      "Microsoft.NET.Test.Sdk": {
        "type": "Direct",
        "requested": "[17.14.1, )",
        "resolved": "17.14.1",
        "contentHash": "HJKqKOE+vshXra2aEHpi2TlxYX7Z9VFYkr+E5rwEvHC8eIXiyO+K9kNm8vmNom3e2rA56WqxU+/N9NJlLGXsJQ==",
        "dependencies": {
          "Microsoft.CodeCoverage": "17.14.1",
          "Microsoft.TestPlatform.TestHost": "17.14.1"
        }
      },
      "NSubstitute": {
        "type": "Direct",
        "requested": "[5.1.0, )",
        "resolved": "5.1.0",
        "contentHash": "ZCqOP3Kpp2ea7QcLyjMU4wzE+0wmrMN35PQMsdPOHYc2IrvjmusG9hICOiqiOTPKN0gJon6wyCn6ZuGHdNs9hQ==",
        "dependencies": {
          "Castle.Core": "5.1.1"
        }
      },
      "Shouldly": {
        "type": "Direct",
        "requested": "[4.3.0, )",
        "resolved": "4.3.0",
        "contentHash": "sDetrWXrl6YXZ4HeLsdBoNk3uIa7K+V4uvIJ+cqdRa5DrFxeTED7VkjoxCuU1kJWpUuBDZz2QXFzSxBtVXLwRQ==",
        "dependencies": {
          "DiffEngine": "11.3.0",
          "EmptyFiles": "4.4.0"
        }
      },
      "xunit.analyzers": {
        "type": "Direct",
        "requested": "[1.24.0, )",
        "resolved": "1.24.0",
        "contentHash": "kxaoMFFZcQ+mJudaKKlt3gCqV6M6Gjbka0NEs8JFDrxn52O7w5OOnYfSYVfqusk8p7pxrGdjgaQHlGINsNZHAQ=="
      },
      "xunit.runner.visualstudio": {
        "type": "Direct",
        "requested": "[3.0.0, )",
        "resolved": "3.0.0",
        "contentHash": "HggUqjQJe8PtDxcP25Q+CnR6Lz4oX3GElhD9V4oU2+75x9HI6A6sxbfKGS4UwU4t4yJaS9fBmAuriz8bQApNjw=="
      },
      "xunit.v3": {
        "type": "Direct",
        "requested": "[3.0.1, )",
        "resolved": "3.0.1",
        "contentHash": "8AZKk/iiZAzRhNNq8yB8gcNpA+exGMGi3oodWnn0eI7vCwuuuAxnF6ANQC+q7z6FJoOyjiJnnBhS5YMoPPILjg==",
        "dependencies": {
          "xunit.analyzers": "1.24.0",
          "xunit.v3.assert": "[3.0.1]",
          "xunit.v3.core": "[3.0.1]"
        }
      },
      "xunit.v3.runner.msbuild": {
        "type": "Direct",
        "requested": "[2.0.0, )",
        "resolved": "2.0.0",
        "contentHash": "ArKuFgl54EhkFkTFnu1hVh2zIIY3bQ8fWXuU5hsA8tGN7f/MQRP/6NhjeOWbHyXIrsPq0BIwS06MzVo8ruVcJQ=="
      },
      "Castle.Core": {
        "type": "Transitive",
        "resolved": "5.1.1",
        "contentHash": "rpYtIczkzGpf+EkZgDr9CClTdemhsrwA/W5hMoPjLkRFnXzH44zDLoovXeKtmxb1ykXK9aJVODSpiJml8CTw2g==",
        "dependencies": {
          "System.Diagnostics.EventLog": "6.0.0"
        }
      },
      "DiffEngine": {
        "type": "Transitive",
        "resolved": "11.3.0",
        "contentHash": "k0ZgZqd09jLZQjR8FyQbSQE86Q7QZnjEzq1LPHtj1R2AoWO8sjV5x+jlSisL7NZAbUOI4y+7Bog8gkr9WIRBGw==",
        "dependencies": {
          "EmptyFiles": "4.4.0",
          "System.Management": "6.0.1"
        }
      },
      "EmptyFiles": {
        "type": "Transitive",
        "resolved": "4.4.0",
        "contentHash": "gwJEfIGS7FhykvtZoscwXj/XwW+mJY6UbAZk+qtLKFUGWC95kfKXnj8VkxsZQnWBxJemM/q664rGLN5nf+OHZw=="
      },
      "Humanizer.Core": {
        "type": "Transitive",
        "resolved": "2.14.1",
        "contentHash": "lQKvtaTDOXnoVJ20ibTuSIOf2i0uO0MPbDhd1jm238I+U/2ZnRENj0cktKZhtchBMtCUSRQ5v4xBCUbKNmyVMw=="
      },
      "Microsoft.Bcl.AsyncInterfaces": {
        "type": "Transitive",
        "resolved": "6.0.0",
        "contentHash": "UcSjPsst+DfAdJGVDsu346FX0ci0ah+lw3WRtn18NUwEqRt70HaOQ7lI72vy3+1LxtqI3T5GWwV39rQSrCzAeg=="
      },
      "Microsoft.Build": {
        "type": "Transitive",
        "resolved": "17.7.2",
        "contentHash": "AmWnumxsMiRycFfE3kq/XnFFTAoPpCWl3UuiKQWCa5Z0+hBKVoiydzS2iXJGd3x+jry+qaTR9GzoezjV9NFT5A==",
        "dependencies": {
          "Microsoft.Build.Framework": "17.7.2",
          "Microsoft.NET.StringTools": "17.7.2",
          "System.Configuration.ConfigurationManager": "7.0.0",
          "System.Reflection.MetadataLoadContext": "7.0.0",
          "System.Security.Permissions": "7.0.0"
        }
      },
      "Microsoft.Build.Framework": {
        "type": "Transitive",
        "resolved": "17.7.2",
        "contentHash": "F+SglYQv6ij5RK4Bmd1X4q01E2ry4M8/huTIZ/1Vk7ZoxdT2J3vmV23cnJZsA/ZLunOTv3B905TU5J1eFmWNPw==",
        "dependencies": {
          "System.Security.Permissions": "7.0.0"
        }
      },
      "Microsoft.Build.Tasks.Core": {
        "type": "Transitive",
        "resolved": "17.7.2",
        "contentHash": "CmI+mDQ44GWVv0mxFcGYlvek838kK3PgNvXPo/1/Q5/Tc97tajO611uZAj2wNfwJ1kjsCef2Mza4d+SVSyd3Mg==",
        "dependencies": {
          "Microsoft.Build.Framework": "17.7.2",
          "Microsoft.Build.Utilities.Core": "17.7.2",
          "Microsoft.NET.StringTools": "17.7.2",
          "Microsoft.VisualStudio.Setup.Configuration.Interop": "3.2.2146",
          "System.CodeDom": "7.0.0",
          "System.Configuration.ConfigurationManager": "7.0.0",
          "System.Resources.Extensions": "7.0.0",
          "System.Security.Cryptography.Pkcs": "7.0.2",
          "System.Security.Cryptography.Xml": "7.0.1",
          "System.Security.Permissions": "7.0.0"
        }
      },
      "Microsoft.Build.Utilities.Core": {
        "type": "Transitive",
        "resolved": "17.7.2",
        "contentHash": "soXfaIBW904uEP6WTDv7EbiT0vRfBdNIcqOOEOfyy27WEa8DaXVPQJYSlsDGycS7uTnYU8vlROJbbmlCTBL7hg==",
        "dependencies": {
          "Microsoft.Build.Framework": "17.7.2",
          "Microsoft.NET.StringTools": "17.7.2",
          "Microsoft.VisualStudio.Setup.Configuration.Interop": "3.2.2146",
          "System.Configuration.ConfigurationManager": "7.0.0",
          "System.Security.Permissions": "7.0.0"
        }
      },
      "Microsoft.CodeAnalysis.Analyzers": {
        "type": "Transitive",
        "resolved": "3.11.0",
        "contentHash": "v/EW3UE8/lbEYHoC2Qq7AR/DnmvpgdtAMndfQNmpuIMx/Mto8L5JnuCfdBYtgvalQOtfNCnxFejxuRrryvUTsg=="
      },
      "Microsoft.CodeAnalysis.AnalyzerUtilities": {
        "type": "Transitive",
        "resolved": "4.14.0",
        "contentHash": "Tyfyuz6l+Ifmg7oiv86jpUg1CjqDMUGNJm1psnMkN1CCeXREPP/A9XafSGDRGoJ+gnI9a3Lk/1efvRspMdZOiQ==",
        "dependencies": {
          "Microsoft.CodeAnalysis.Analyzers": "3.11.0",
          "Microsoft.CodeAnalysis.Common": "3.11.0"
        }
      },
      "Microsoft.CodeAnalysis.Common": {
        "type": "Transitive",
        "resolved": "4.14.0",
        "contentHash": "PC3tuwZYnC+idaPuoC/AZpEdwrtX7qFpmnrfQkgobGIWiYmGi5MCRtl5mx6QrfMGQpK78X2lfIEoZDLg/qnuHg==",
        "dependencies": {
          "Microsoft.CodeAnalysis.Analyzers": "3.11.0"
        }
      },
      "Microsoft.CodeAnalysis.Elfie": {
        "type": "Transitive",
        "resolved": "1.0.0",
        "contentHash": "r12elUp4MRjdnRfxEP+xqVSUUfG3yIJTBEJGwbfvF5oU4m0jb9HC0gFG28V/dAkYGMkRmHVi3qvrnBLQSw9X3Q==",
        "dependencies": {
          "System.Configuration.ConfigurationManager": "4.5.0",
          "System.Data.DataSetExtensions": "4.5.0"
        }
      },
      "Microsoft.CodeAnalysis.Scripting.Common": {
        "type": "Transitive",
        "resolved": "4.14.0",
        "contentHash": "YRFoYZQU4VPlB+Xwwtj8gIHXxMyuhGXyj207IWHcsSNaJtW83My0FGv6jtN9gC/HkxgjdMYJORPjBwUx3+FVjQ==",
        "dependencies": {
          "Microsoft.CodeAnalysis.Analyzers": "3.11.0",
          "Microsoft.CodeAnalysis.Common": "[4.14.0]"
        }
      },
      "Microsoft.CodeAnalysis.Workspaces.Common": {
        "type": "Transitive",
        "resolved": "4.14.0",
        "contentHash": "wNVK9JrqjqDC/WgBUFV6henDfrW87NPfo98nzah/+M/G1D6sBOPtXwqce3UQNn+6AjTnmkHYN1WV9XmTlPemTw==",
        "dependencies": {
          "Humanizer.Core": "2.14.1",
          "Microsoft.CodeAnalysis.Analyzers": "3.11.0",
          "Microsoft.CodeAnalysis.Common": "[4.14.0]",
          "System.Composition": "9.0.0"
        }
      },
      "Microsoft.CodeCoverage": {
        "type": "Transitive",
        "resolved": "17.14.1",
        "contentHash": "pmTrhfFIoplzFVbhVwUquT+77CbGH+h4/3mBpdmIlYtBi9nAB+kKI6dN3A/nV4DFi3wLLx/BlHIPK+MkbQ6Tpg=="
      },
      "Microsoft.DiaSymReader": {
        "type": "Transitive",
        "resolved": "2.0.0",
        "contentHash": "QcZrCETsBJqy/vQpFtJc+jSXQ0K5sucQ6NUFbTNVHD4vfZZOwjZ/3sBzczkC4DityhD3AVO/+K/+9ioLs1AgRA=="
      },
      "Microsoft.Extensions.AI.Abstractions": {
        "type": "Transitive",
        "resolved": "9.7.1",
        "contentHash": "fcAMMDxGgdl7vgkiFQ2yojdEwvGIkIpxsv6SQ33enA+q2iGuv3jsFUZmq6ZJ0YvMgrce7mG6GHFkEVcNxjIl0A=="
      },
      "Microsoft.Extensions.Caching.Abstractions": {
        "type": "Transitive",
        "resolved": "10.0.0-preview.7.25380.108",
        "contentHash": "j0U718SG0SmoGS+mJ+wvG1/lJvgiert+ML01tSYk48e5wUVvuSftFk4BsLhCtw7g3KfwnK2MnHAIcwbAsnP8Tg==",
        "dependencies": {
          "Microsoft.Extensions.Primitives": "10.0.0-preview.7.25380.108"
        }
      },
      "Microsoft.Extensions.DependencyInjection.Abstractions": {
        "type": "Transitive",
        "resolved": "10.0.0-preview.7.25380.108",
        "contentHash": "0oSQ8o2O8eMxaInqR1GykEzzlerBTN3xQMsEtaWA4zbf1LmrqV7H9ctTTjK4oMeWMCTb9mfYoN9fsVWbAhkTXA=="
      },
      "Microsoft.Extensions.Diagnostics.Abstractions": {
        "type": "Transitive",
        "resolved": "9.0.5",
        "contentHash": "6YfTcULCYREMTqtk+s3UiszsFV2xN2FXtxdQpurmQJY9Cp/QGiM4MTKfJKUo7AzdLuzjOKKMWjQITmvtK7AsUg==",
        "dependencies": {
          "Microsoft.Extensions.DependencyInjection.Abstractions": "9.0.5",
          "Microsoft.Extensions.Options": "9.0.5"
        }
      },
      "Microsoft.Extensions.FileProviders.Abstractions": {
        "type": "Transitive",
        "resolved": "9.0.5",
        "contentHash": "LLm+e8lvD+jOI+blHRSxPqywPaohOTNcVzQv548R1UpkEiNB2D+zf3RrqxBdB1LDPicRMTnfiaKJovxF8oX1bQ==",
        "dependencies": {
          "Microsoft.Extensions.Primitives": "9.0.5"
        }
      },
      "Microsoft.Extensions.Hosting.Abstractions": {
        "type": "Transitive",
        "resolved": "9.0.5",
        "contentHash": "3GA/dxqkP6yFe18qYRgtKYuN2onC8NfhlpNN21jptkVKk7olqBTkdT49oL0pSEz2SptRsux7LocCU7+alGnEag==",
        "dependencies": {
          "Microsoft.Extensions.Configuration.Abstractions": "9.0.5",
          "Microsoft.Extensions.DependencyInjection.Abstractions": "9.0.5",
          "Microsoft.Extensions.Diagnostics.Abstractions": "9.0.5",
          "Microsoft.Extensions.FileProviders.Abstractions": "9.0.5",
          "Microsoft.Extensions.Logging.Abstractions": "9.0.5"
        }
      },
      "Microsoft.Extensions.Logging": {
        "type": "Transitive",
        "resolved": "9.0.0",
        "contentHash": "crjWyORoug0kK7RSNJBTeSE6VX8IQgLf3nUpTB9m62bPXp/tzbnOsnbe8TXEG0AASNaKZddnpHKw7fET8E++Pg==",
        "dependencies": {
          "Microsoft.Extensions.DependencyInjection": "9.0.0",
          "Microsoft.Extensions.Logging.Abstractions": "9.0.0",
          "Microsoft.Extensions.Options": "9.0.0"
        }
      },
      "Microsoft.Extensions.Options": {
        "type": "Transitive",
        "resolved": "10.0.0-preview.7.25380.108",
        "contentHash": "kG3XdCpBiMSxPsAeMCy8YhHpe3sUlSoBGuZQfTcC/VaWKrvpQ5OrbhBCfb/SOPLzWexijSsDwtgjYenRvqE91Q==",
        "dependencies": {
          "Microsoft.Extensions.DependencyInjection.Abstractions": "10.0.0-preview.7.25380.108",
          "Microsoft.Extensions.Primitives": "10.0.0-preview.7.25380.108"
        }
      },
      "Microsoft.Extensions.Primitives": {
        "type": "Transitive",
        "resolved": "10.0.0-preview.7.25380.108",
        "contentHash": "0oC37fX0irgi29vN8JQdvXn1jZI6upCIs8Q8J+loetDrWrB3fwYBqbUdz/mMS41G+kkjCSaGRfZM8dBiZqqMpw=="
      },
      "Microsoft.NET.StringTools": {
        "type": "Transitive",
        "resolved": "17.7.2",
        "contentHash": "GDm2qPXJeWR4FSwY90zYZ+Wd0CN4FE+Nu2F57Vu8avatMzNQxV9WaVEBZFKbT4JLhNcXKc0CKBO50oVoRJR5BQ=="
      },
      "Microsoft.Testing.Extensions.TrxReport.Abstractions": {
        "type": "Transitive",
        "resolved": "1.8.2",
        "contentHash": "QPaJgSfN0APwB6OtJO9jOGETv62d94fsDwLKh+Yu6vAFIP8wfml2CFLzaOlBIkbYFb8kG0s0Bd/VPLQrhCL3lg==",
        "dependencies": {
          "Microsoft.Testing.Platform": "1.8.2"
        }
      },
      "Microsoft.Testing.Platform.MSBuild": {
        "type": "Transitive",
        "resolved": "1.8.2",
        "contentHash": "xL7h/wZR6NpzZrFqUMwE6Sa9i7jEPmxPHl11EG9iG1Szh3IHvhJkbmlKG74pm9YLnEysjVYFuA+ExBHxqQp8fg==",
        "dependencies": {
          "Microsoft.Testing.Platform": "1.8.2"
        }
      },
      "Microsoft.TestPlatform.ObjectModel": {
        "type": "Transitive",
        "resolved": "17.14.1",
        "contentHash": "xTP1W6Mi6SWmuxd3a+jj9G9UoC850WGwZUps1Wah9r1ZxgXhdJfj1QqDLJkFjHDCvN42qDL2Ps5KjQYWUU0zcQ=="
      },
      "Microsoft.TestPlatform.TestHost": {
        "type": "Transitive",
        "resolved": "17.14.1",
        "contentHash": "d78LPzGKkJwsJXAQwsbJJ7LE7D1wB+rAyhHHAaODF+RDSQ0NgMjDFkSA1Djw18VrxO76GlKAjRUhl+H8NL8Z+Q==",
        "dependencies": {
          "Microsoft.TestPlatform.ObjectModel": "17.14.1",
          "Newtonsoft.Json": "13.0.3"
        }
      },
      "Microsoft.VisualStudio.Setup.Configuration.Interop": {
        "type": "Transitive",
        "resolved": "3.2.2146",
        "contentHash": "gMq8uGy8zTIp0kQGTI45buZC3JOStGJyjGD8gksskk83aQISW65IESErLE/WDT7Bdy+QWbdUi7QyO1LEzUSOFA=="
      },
      "Microsoft.Win32.Registry": {
        "type": "Transitive",
        "resolved": "5.0.0",
        "contentHash": "dDoKi0PnDz31yAyETfRntsLArTlVAVzUzCIvvEDsDsucrl33Dl8pIJG06ePTJTI3tGpeyHS9Cq7Foc/s4EeKcg=="
      },
      "ModelContextProtocol.Core": {
        "type": "Transitive",
        "resolved": "0.3.0-preview.3",
        "contentHash": "csbP2/LVFu+0v870Imtc+EJ81WBOFUWh1A7xZSlBTrMTE7Wq6mbU62klbMuCdk0SN94rJ5NFgZOwj8uQqZU6HQ==",
        "dependencies": {
          "Microsoft.Extensions.AI.Abstractions": "9.7.1",
          "Microsoft.Extensions.Logging.Abstractions": "9.0.5"
        }
      },
      "Newtonsoft.Json": {
        "type": "Transitive",
        "resolved": "13.0.3",
        "contentHash": "HrC5BXdl00IP9zeV+0Z848QWPAoCr9P3bDEZguI+gkLcBKAOxix/tLEAAHC+UvDNPv4a2d18lOReHMOagPa+zQ=="
      },
      "System.CodeDom": {
        "type": "Transitive",
        "resolved": "7.0.0",
        "contentHash": "GLltyqEsE5/3IE+zYRP5sNa1l44qKl9v+bfdMcwg+M9qnQf47wK3H0SUR/T+3N4JEQXF3vV4CSuuo0rsg+nq2A=="
      },
      "System.Composition": {
        "type": "Transitive",
        "resolved": "9.0.0",
        "contentHash": "3Djj70fFTraOarSKmRnmRy/zm4YurICm+kiCtI0dYRqGJnLX6nJ+G3WYuFJ173cAPax/gh96REcbNiVqcrypFQ==",
        "dependencies": {
          "System.Composition.AttributedModel": "9.0.0",
          "System.Composition.Convention": "9.0.0",
          "System.Composition.Hosting": "9.0.0",
          "System.Composition.Runtime": "9.0.0",
          "System.Composition.TypedParts": "9.0.0"
        }
      },
      "System.Composition.AttributedModel": {
        "type": "Transitive",
        "resolved": "9.0.0",
        "contentHash": "iri00l/zIX9g4lHMY+Nz0qV1n40+jFYAmgsaiNn16xvt2RDwlqByNG4wgblagnDYxm3YSQQ0jLlC/7Xlk9CzyA=="
      },
      "System.Composition.Convention": {
        "type": "Transitive",
        "resolved": "9.0.0",
        "contentHash": "+vuqVP6xpi582XIjJi6OCsIxuoTZfR0M7WWufk3uGDeCl3wGW6KnpylUJ3iiXdPByPE0vR5TjJgR6hDLez4FQg==",
        "dependencies": {
          "System.Composition.AttributedModel": "9.0.0"
        }
      },
      "System.Composition.Hosting": {
        "type": "Transitive",
        "resolved": "9.0.0",
        "contentHash": "OFqSeFeJYr7kHxDfaViGM1ymk7d4JxK//VSoNF9Ux0gpqkLsauDZpu89kTHHNdCWfSljbFcvAafGyBoY094btQ==",
        "dependencies": {
          "System.Composition.Runtime": "9.0.0"
        }
      },
      "System.Composition.Runtime": {
        "type": "Transitive",
        "resolved": "9.0.0",
        "contentHash": "w1HOlQY1zsOWYussjFGZCEYF2UZXgvoYnS94NIu2CBnAGMbXFAX8PY8c92KwUItPmowal68jnVLBCzdrWLeEKA=="
      },
      "System.Composition.TypedParts": {
        "type": "Transitive",
        "resolved": "9.0.0",
        "contentHash": "aRZlojCCGEHDKqh43jaDgaVpYETsgd7Nx4g1zwLKMtv4iTo0627715ajEFNpEEBTgLmvZuv8K0EVxc3sM4NWJA==",
        "dependencies": {
          "System.Composition.AttributedModel": "9.0.0",
          "System.Composition.Hosting": "9.0.0",
          "System.Composition.Runtime": "9.0.0"
        }
      },
      "System.Configuration.ConfigurationManager": {
        "type": "Transitive",
        "resolved": "9.0.0",
        "contentHash": "PdkuMrwDhXoKFo/JxISIi9E8L+QGn9Iquj2OKDWHB6Y/HnUOuBouF7uS3R4Hw3FoNmwwMo6hWgazQdyHIIs27A==",
        "dependencies": {
          "System.Diagnostics.EventLog": "9.0.0",
          "System.Security.Cryptography.ProtectedData": "9.0.0"
        }
      },
      "System.Data.DataSetExtensions": {
        "type": "Transitive",
        "resolved": "4.5.0",
        "contentHash": "221clPs1445HkTBZPL+K9sDBdJRB8UN8rgjO3ztB0CQ26z//fmJXtlsr6whGatscsKGBrhJl5bwJuKSA8mwFOw=="
      },
      "System.Diagnostics.EventLog": {
        "type": "Transitive",
        "resolved": "9.0.0",
        "contentHash": "qd01+AqPhbAG14KtdtIqFk+cxHQFZ/oqRSCoxU1F+Q6Kv0cl726sl7RzU9yLFGd4BUOKdN4XojXF0pQf/R6YeA=="
      },
      "System.Formats.Nrbf": {
        "type": "Transitive",
        "resolved": "9.0.0",
        "contentHash": "F/6tNE+ckmdFeSQAyQo26bQOqfPFKEfZcuqnp4kBE6/7jP26diP+QTHCJJ6vpEfaY6bLy+hBLiIQUSxSmNwLkA=="
      },
      "System.Management": {
        "type": "Transitive",
        "resolved": "6.0.1",
        "contentHash": "10J1D0h/lioojphfJ4Fuh5ZUThT/xOVHdV9roGBittKKNP2PMjrvibEdbVTGZcPra1399Ja3tqIJLyQrc5Wmhg==",
        "dependencies": {
          "System.CodeDom": "6.0.0"
        }
      },
      "System.Reflection.MetadataLoadContext": {
        "type": "Transitive",
        "resolved": "7.0.0",
        "contentHash": "z9PvtMJra5hK8n+g0wmPtaG7HQRZpTmIPRw5Z0LEemlcdQMHuTD5D7OAY/fZuuz1L9db++QOcDF0gJTLpbMtZQ=="
      },
      "System.Resources.Extensions": {
        "type": "Transitive",
        "resolved": "9.0.0",
        "contentHash": "tvhuT1D2OwPROdL1kRWtaTJliQo0WdyhvwDpd8RM997G7m3Hya5nhbYhNTS75x6Vu+ypSOgL5qxDCn8IROtCxw==",
        "dependencies": {
          "System.Formats.Nrbf": "9.0.0"
        }
      },
      "System.Security.Cryptography.Pkcs": {
        "type": "Transitive",
        "resolved": "7.0.2",
        "contentHash": "xhFNJOcQSWhpiVGLLBQYoxAltQSQVycMkwaX1z7I7oEdT9Wr0HzSM1yeAbfoHaERIYd5s6EpLSOLs2qMchSKlA=="
      },
      "System.Security.Cryptography.ProtectedData": {
        "type": "Transitive",
        "resolved": "9.0.0",
        "contentHash": "CJW+x/F6fmRQ7N6K8paasTw9PDZp4t7G76UjGNlSDgoHPF0h08vTzLYbLZpOLEJSg35d5wy2jCXGo84EN05DpQ=="
      },
      "System.Security.Cryptography.Xml": {
        "type": "Transitive",
        "resolved": "7.0.1",
        "contentHash": "MCxBCtH0GrDuvU63ZODwQHQZPchb24pUAX3MfZ6b13qg246ZD10PRdOvay8C9HBPfCXkymUNwFPEegud7ax2zg==",
        "dependencies": {
          "System.Security.Cryptography.Pkcs": "7.0.0"
        }
      },
      "System.Security.Permissions": {
        "type": "Transitive",
        "resolved": "9.0.0",
        "contentHash": "H2VFD4SFVxieywNxn9/epb63/IOcPPfA0WOtfkljzNfu7GCcHIBQNuwP6zGCEIi7Ci/oj8aLPUNK9sYImMFf4Q==",
        "dependencies": {
          "System.Windows.Extensions": "9.0.0"
        }
      },
      "System.Windows.Extensions": {
        "type": "Transitive",
        "resolved": "9.0.0",
        "contentHash": "U9msthvnH2Fsw7xwAvIhNHOdnIjOQTwOc8Vd0oGOsiRcGMGoBFlUD6qtYawRUoQdKH9ysxesZ9juFElt1Jw/7A=="
      },
      "xunit.v3.assert": {
        "type": "Transitive",
        "resolved": "3.0.1",
        "contentHash": "3h6AbEcfEsFn9RLjlG5yCTqEjgDHwMXRkNEhpGjAWMM68uHKWeItPbqzWj8P260gDT9NxPFfZRf3huYNnOlLRA=="
      },
      "xunit.v3.common": {
        "type": "Transitive",
        "resolved": "3.0.1",
        "contentHash": "tL/lcgOHhPw4eb7Vx2WM97JFxW1WM9E0XNTra8UFQWdO9xtR7IXhVIZ6V4uXz5aApZ1FvdrrklImh+xneyrXmw==",
        "dependencies": {
          "Microsoft.Bcl.AsyncInterfaces": "6.0.0"
        }
      },
      "xunit.v3.extensibility.core": {
        "type": "Transitive",
        "resolved": "3.0.1",
        "contentHash": "rud2rEHLGkPGeKc+O9OiUVWhLh8enjHYrlMlSgPfGQmUaLzGDoT7IjJcbyyDFJm8jEbWC2iOe6evqyw0ZfZWcA==",
        "dependencies": {
          "xunit.v3.common": "[3.0.1]"
        }
      },
      "xunit.v3.runner.common": {
        "type": "Transitive",
        "resolved": "3.0.1",
        "contentHash": "r3jg64kY+8rGwG4IBq1+ELDlXvolcgvf707+Un8AeC6tmVsymOt6H00Kiptf3iPqjsnE3WsFJROI5XowdrbmAQ==",
        "dependencies": {
          "Microsoft.Win32.Registry": "[5.0.0]",
          "xunit.v3.common": "[3.0.1]"
        }
      },
      "xunit.v3.runner.inproc.console": {
        "type": "Transitive",
        "resolved": "3.0.1",
        "contentHash": "eV9DTPLuMmzQwMTPAkSHijBQUVLu6IoA1+/PkmtMFbU+EqA0EDriZ266EhlRBk7v+ymP8hliSQW/bGXJQEOBFw==",
        "dependencies": {
          "Microsoft.Testing.Extensions.TrxReport.Abstractions": "1.8.2",
          "Microsoft.Testing.Platform": "1.8.2",
          "xunit.v3.extensibility.core": "[3.0.1]",
          "xunit.v3.runner.common": "[3.0.1]"
        }
      },
      "refactormcp.core": {
        "type": "Project",
        "dependencies": {
          "Microsoft.Build.Locator": "[1.9.1, )",
          "Microsoft.CodeAnalysis.CSharp": "[4.14.0, )",
          "Microsoft.CodeAnalysis.CSharp.Workspaces": "[4.14.0, )",
          "Microsoft.CodeAnalysis.Features": "[4.14.0, )",
          "Microsoft.CodeAnalysis.Workspaces.MSBuild": "[4.14.0, )",
          "Microsoft.Extensions.Caching.Memory": "[10.0.0-preview.7.25380.108, )",
          "Microsoft.Extensions.Configuration.Abstractions": "[10.0.0-preview.7.25380.108, )",
          "Microsoft.Extensions.DependencyInjection": "[10.0.0-preview.7.25380.108, )",
          "Microsoft.Extensions.Logging.Abstractions": "[10.0.0-preview.7.25380.108, )",
          "ModelContextProtocol": "[0.3.0-preview.3, )",
          "Serilog": "[4.3.0, )",
          "Serilog.Extensions.Logging": "[9.0.2, )",
          "Serilog.Sinks.Console": "[6.0.0, )",
          "Serilog.Sinks.File": "[7.0.0, )",
          "Serilog.Sinks.Seq": "[9.0.0, )"
        }
      },
      "Microsoft.Build.Locator": {
        "type": "CentralTransitive",
        "requested": "[1.9.1, )",
        "resolved": "1.9.1",
        "contentHash": "UTO1acAAxYkpI8lU9ff5D9kn4p85bFwph28Y3QPVM9qy5HKQy3kpB6gWcuVGtlSPtvfzfC67CMDHO/JDys2gNQ=="
      },
      "Microsoft.CodeAnalysis.CSharp": {
        "type": "CentralTransitive",
        "requested": "[4.14.0, )",
        "resolved": "4.14.0",
        "contentHash": "568a6wcTivauIhbeWcCwfWwIn7UV7MeHEBvFB2uzGIpM2OhJ4eM/FZ8KS0yhPoNxnSpjGzz7x7CIjTxhslojQA==",
        "dependencies": {
          "Microsoft.CodeAnalysis.Analyzers": "3.11.0",
          "Microsoft.CodeAnalysis.Common": "[4.14.0]"
        }
      },
      "Microsoft.CodeAnalysis.CSharp.Workspaces": {
        "type": "CentralTransitive",
        "requested": "[4.14.0, )",
        "resolved": "4.14.0",
        "contentHash": "QkgCEM4qJo6gdtblXtNgHqtykS61fxW+820hx5JN6n9DD4mQtqNB+6fPeJ3GQWg6jkkGz6oG9yZq7H3Gf0zwYw==",
        "dependencies": {
          "Humanizer.Core": "2.14.1",
          "Microsoft.CodeAnalysis.Analyzers": "3.11.0",
          "Microsoft.CodeAnalysis.CSharp": "[4.14.0]",
          "Microsoft.CodeAnalysis.Common": "[4.14.0]",
          "Microsoft.CodeAnalysis.Workspaces.Common": "[4.14.0]",
          "System.Composition": "9.0.0"
        }
      },
      "Microsoft.CodeAnalysis.Features": {
        "type": "CentralTransitive",
        "requested": "[4.14.0, )",
        "resolved": "4.14.0",
        "contentHash": "UHQfGmj7/9HjD8hKndFKtyg4SYocz8+6ZFtEjx9xT8+C3wuRcEMobGanJvmp6L8quuB0nNVZR0QEsK5IkSXnlQ==",
        "dependencies": {
          "Humanizer.Core": "2.14.1",
          "Microsoft.CodeAnalysis.AnalyzerUtilities": "[4.14.0]",
          "Microsoft.CodeAnalysis.Analyzers": "3.11.0",
          "Microsoft.CodeAnalysis.Common": "[4.14.0]",
          "Microsoft.CodeAnalysis.Elfie": "1.0.0",
          "Microsoft.CodeAnalysis.Scripting.Common": "[4.14.0]",
          "Microsoft.CodeAnalysis.Workspaces.Common": "[4.14.0]",
          "Microsoft.DiaSymReader": "2.0.0",
          "System.Composition": "9.0.0",
          "System.Configuration.ConfigurationManager": "9.0.0",
          "System.Diagnostics.EventLog": "9.0.0",
          "System.Security.Cryptography.ProtectedData": "9.0.0"
        }
      },
      "Microsoft.CodeAnalysis.Workspaces.MSBuild": {
        "type": "CentralTransitive",
        "requested": "[4.14.0, )",
        "resolved": "4.14.0",
        "contentHash": "YU7Sguzm1Cuhi2U6S0DRKcVpqAdBd2QmatpyE0KqYMJogJ9E27KHOWGUzAOjsyjAM7sNaUk+a8VPz24knDseFw==",
        "dependencies": {
          "Humanizer.Core": "2.14.1",
          "Microsoft.Build": "17.7.2",
          "Microsoft.Build.Framework": "17.7.2",
          "Microsoft.Build.Tasks.Core": "17.7.2",
          "Microsoft.Build.Utilities.Core": "17.7.2",
          "Microsoft.CodeAnalysis.Analyzers": "3.11.0",
          "Microsoft.CodeAnalysis.Workspaces.Common": "[4.14.0]",
          "Microsoft.Extensions.DependencyInjection": "9.0.0",
          "Microsoft.Extensions.Logging": "9.0.0",
          "Microsoft.Extensions.Logging.Abstractions": "9.0.0",
          "Microsoft.Extensions.Options": "9.0.0",
          "Microsoft.Extensions.Primitives": "9.0.0",
          "Newtonsoft.Json": "13.0.3",
          "System.CodeDom": "7.0.0",
          "System.Composition": "9.0.0",
          "System.Configuration.ConfigurationManager": "9.0.0",
          "System.Diagnostics.EventLog": "9.0.0",
          "System.Resources.Extensions": "9.0.0",
          "System.Security.Cryptography.Pkcs": "7.0.2",
          "System.Security.Cryptography.ProtectedData": "9.0.0",
          "System.Security.Cryptography.Xml": "7.0.1",
          "System.Security.Permissions": "9.0.0",
          "System.Windows.Extensions": "9.0.0"
        }
      },
      "Microsoft.Extensions.Caching.Memory": {
        "type": "CentralTransitive",
        "requested": "[10.0.0-preview.7.25380.108, )",
        "resolved": "10.0.0-preview.7.25380.108",
        "contentHash": "JFaK0cYAvLmdlIGSZ+2B8kEBK/4003V2qwmwykCnoJL2N0sOuGDui69nZeGd2l42NpSko4uV9tZkMKvCrAk2qw==",
        "dependencies": {
          "Microsoft.Extensions.Caching.Abstractions": "10.0.0-preview.7.25380.108",
          "Microsoft.Extensions.DependencyInjection.Abstractions": "10.0.0-preview.7.25380.108",
          "Microsoft.Extensions.Logging.Abstractions": "10.0.0-preview.7.25380.108",
          "Microsoft.Extensions.Options": "10.0.0-preview.7.25380.108",
          "Microsoft.Extensions.Primitives": "10.0.0-preview.7.25380.108"
        }
      },
      "Microsoft.Extensions.Configuration.Abstractions": {
        "type": "CentralTransitive",
        "requested": "[10.0.0-preview.7.25380.108, )",
        "resolved": "10.0.0-preview.7.25380.108",
        "contentHash": "Tos2R09p02UbSg97w7QNr+dNTKuBtmsWKy4+awTnn2d34CXDpsKkAdDis6gLmhuCjz4c0HyB5S0l2ahaqu+u7A==",
        "dependencies": {
          "Microsoft.Extensions.Primitives": "10.0.0-preview.7.25380.108"
        }
      },
      "Microsoft.Extensions.DependencyInjection": {
        "type": "CentralTransitive",
        "requested": "[10.0.0-preview.7.25380.108, )",
        "resolved": "10.0.0-preview.7.25380.108",
        "contentHash": "UVMEx1ZOOugXCNxXARPsmtu7B3RzYShFoeGvmO4wA1OmcW8cOSXr7QNTiCTp3uXNrx14daefmDX/BlsExlZyVg==",
        "dependencies": {
          "Microsoft.Extensions.DependencyInjection.Abstractions": "10.0.0-preview.7.25380.108"
        }
      },
      "Microsoft.Extensions.Logging.Abstractions": {
        "type": "CentralTransitive",
        "requested": "[10.0.0-preview.7.25380.108, )",
        "resolved": "10.0.0-preview.7.25380.108",
        "contentHash": "qfx62EG7wvjym/GusNX+kzqPByIVYiXyqBYaObQlIch5YukiVd4ovUJHALYt11jpcxpv9nmjgmqahIluf2j5xA==",
        "dependencies": {
          "Microsoft.Extensions.DependencyInjection.Abstractions": "10.0.0-preview.7.25380.108"
        }
      },
      "Microsoft.Testing.Platform": {
        "type": "CentralTransitive",
        "requested": "[1.8.2, )",
        "resolved": "1.8.2",
        "contentHash": "KTr/LYPhgT3IEzElGEEHldNJec0QMTouDhtwDmW+PAPAEzSKJQHtPaNA3pf0IL7ISmoKtuxxHV2v1Cq9xmelzQ=="
      },
      "ModelContextProtocol": {
        "type": "CentralTransitive",
        "requested": "[0.3.0-preview.3, )",
        "resolved": "0.3.0-preview.3",
        "contentHash": "HlviD2pMUwOawBoDtddwuCkBskwYAgQ1Z1V2L/onrl21sjISvRlghC1xwXu1Aj94In9usJlZe1mlGWtFJsOyOg==",
        "dependencies": {
          "Microsoft.Extensions.Hosting.Abstractions": "9.0.5",
          "ModelContextProtocol.Core": "0.3.0-preview.3"
        }
      },
      "Serilog": {
        "type": "CentralTransitive",
        "requested": "[4.3.0, )",
        "resolved": "4.3.0",
        "contentHash": "+cDryFR0GRhsGOnZSKwaDzRRl4MupvJ42FhCE4zhQRVanX0Jpg6WuCBk59OVhVDPmab1bB+nRykAnykYELA9qQ=="
      },
      "Serilog.Extensions.Logging": {
        "type": "CentralTransitive",
        "requested": "[9.0.2, )",
        "resolved": "9.0.2",
        "contentHash": "p8kk2McN6LxuQfLyCoOkL7+nJIhVKnV1WFUxAaGTQTQk0wySbgmCHe98j+xSQvIbYHtzKXROOE2G2R0TLwBfig==",
        "dependencies": {
          "Microsoft.Extensions.Logging": "9.0.0",
          "Serilog": "4.2.0"
        }
      },
      "Serilog.Sinks.Console": {
        "type": "CentralTransitive",
        "requested": "[6.0.0, )",
        "resolved": "6.0.0",
        "contentHash": "fQGWqVMClCP2yEyTXPIinSr5c+CBGUvBybPxjAGcf7ctDhadFhrQw03Mv8rJ07/wR5PDfFjewf2LimvXCDzpbA==",
        "dependencies": {
          "Serilog": "4.0.0"
        }
      },
      "Serilog.Sinks.File": {
        "type": "CentralTransitive",
        "requested": "[7.0.0, )",
        "resolved": "7.0.0",
        "contentHash": "fKL7mXv7qaiNBUC71ssvn/dU0k9t0o45+qm2XgKAlSt19xF+ijjxyA3R6HmCgfKEKwfcfkwWjayuQtRueZFkYw==",
        "dependencies": {
          "Serilog": "4.2.0"
        }
      },
      "Serilog.Sinks.Seq": {
        "type": "CentralTransitive",
        "requested": "[9.0.0, )",
        "resolved": "9.0.0",
        "contentHash": "aNU8A0K322q7+voPNmp1/qNPH+9QK8xvM1p72sMmCG0wGlshFzmtDW9QnVSoSYCj0MgQKcMOlgooovtBhRlNHw==",
        "dependencies": {
          "Serilog": "4.2.0",
          "Serilog.Sinks.File": "6.0.0"
        }
      },
      "xunit.v3.core": {
        "type": "CentralTransitive",
        "requested": "[3.0.1, )",
        "resolved": "3.0.1",
        "contentHash": "Gm6+sQi0LDIqEaWeB2ML0Hy9maYyr3JmptEylXcWpDn3MaUAcxkshZa1Jq60YrqHGG1gVoyCBHYJRd2pEjRs2A==",
        "dependencies": {
          "Microsoft.Testing.Platform.MSBuild": "1.8.2",
          "xunit.v3.extensibility.core": "[3.0.1]",
          "xunit.v3.runner.inproc.console": "[3.0.1]"
        }
      }
    }
  }
}